
Microsoft Visual Studio Solution File, Format Version 12.00
# Visual Studio Version 17
VisualStudioVersion = 17.5.002.0
MinimumVisualStudioVersion = 10.0.40219.1
Project("{2150E333-8FDC-42A3-9474-1A3956D46DE8}") = "Labfiles", "Labfiles", "{8DB4151C-D882-4770-8AD7-EC652CF15F9E}"
EndProject
Project("{2150E333-8FDC-42A3-9474-1A3956D46DE8}") = "01-analyze-text", "01-analyze-text", "{2D1967CE-1975-4A2A-9A3F-97047F7F53DD}"
EndProject
Project("{2150E333-8FDC-42A3-9474-1A3956D46DE8}") = "C-Sharp", "C-Sharp", "{C172642C-1F25-402B-87A0-951FFBB00B4F}"
EndProject
Project("{9A19103F-16F7-4668-BE54-9A1E7A4F7556}") = "text-analysis", "Labfiles\01-analyze-text\C-Sharp\text-analysis\text-analysis.csproj", "{A35DA537-4533-4FF4-A7C1-6C28EB36FC4C}"
EndProject
Project("{2150E333-8FDC-42A3-9474-1A3956D46DE8}") = "02-qna", "02-qna", "{9B663BE5-6F57-43BB-99FB-1BEFAD077CC1}"
EndProject
Project("{2150E333-8FDC-42A3-9474-1A3956D46DE8}") = "C-Sharp", "C-Sharp", "{CA1BB11C-17BD-4815-BA2F-CC6A57C92795}"
EndProject
Project("{9A19103F-16F7-4668-BE54-9A1E7A4F7556}") = "qna-app", "Labfiles\02-qna\C-Sharp\qna-app\qna-app.csproj", "{74871588-5F07-4D76-ACB9-BFEA7872F78B}"
EndProject
Project("{2150E333-8FDC-42A3-9474-1A3956D46DE8}") = "03-language", "03-language", "{C708A414-229D-4730-A835-6128736ABF9E}"
EndProject
Project("{2150E333-8FDC-42A3-9474-1A3956D46DE8}") = "C-Sharp", "C-Sharp", "{C69C3F79-F0A4-484E-9980-44A61D3673E5}"
EndProject
Project("{9A19103F-16F7-4668-BE54-9A1E7A4F7556}") = "clock_client", "Labfiles\03-language\C-Sharp\clock-client\clock_client.csproj", "{E68DA213-7B61-485F-88F2-7D4CC214A7CC}"
EndProject
Project("{2150E333-8FDC-42A3-9474-1A3956D46DE8}") = "03b-language-app", "03b-language-app", "{EA4FE4F6-F612-46BD-B829-9341F2A3C827}"
EndProject
Project("{2150E333-8FDC-42A3-9474-1A3956D46DE8}") = "C-Sharp", "C-Sharp", "{AE4F40E0-7FC3-46E3-816F-FFE970677CD4}"
EndProject
Project("{9A19103F-16F7-4668-BE54-9A1E7A4F7556}") = "clock_client", "Labfiles\03b-language-app\C-Sharp\clock-client\clock_client.csproj", "{23AAE562-0470-461E-BA45-6AF1A3848947}"
EndProject
Project("{2150E333-8FDC-42A3-9474-1A3956D46DE8}") = "04-text-classification", "04-text-classification", "{63BAA5FA-CE78-4D72-9964-0A553B96F0DA}"
EndProject
Project("{2150E333-8FDC-42A3-9474-1A3956D46DE8}") = "C-Sharp", "C-Sharp", "{F25B6AC1-762A-408A-94AF-7E3C39080781}"
EndProject
Project("{9A19103F-16F7-4668-BE54-9A1E7A4F7556}") = "classify-text", "Labfiles\04-text-classification\C-Sharp\classify-text\classify-text.csproj", "{6FC88D02-75DE-402D-A59D-E16A6B9C163E}"
EndProject
Project("{2150E333-8FDC-42A3-9474-1A3956D46DE8}") = "05-custom-entity-recognition", "05-custom-entity-recognition", "{9BB3BB18-9EBC-4AC6-B82A-1217CE2665F5}"
EndProject
Project("{2150E333-8FDC-42A3-9474-1A3956D46DE8}") = "C-Sharp", "C-Sharp", "{4F1D927D-B57C-496C-91D1-65608370AD17}"
EndProject
Project("{9A19103F-16F7-4668-BE54-9A1E7A4F7556}") = "custom-entities", "Labfiles\05-custom-entity-recognition\C-Sharp\custom-entities\custom-entities.csproj", "{C4374146-0B3D-4644-A14D-BC98E29EA218}"
EndProject
Project("{2150E333-8FDC-42A3-9474-1A3956D46DE8}") = "06-translate-text", "06-translate-text", "{B67582B8-0F7E-4D13-AC06-8EFC5E5F27BA}"
EndProject
Project("{2150E333-8FDC-42A3-9474-1A3956D46DE8}") = "C-Sharp", "C-Sharp", "{5257A60A-900A-49A5-B401-E7E836CE529B}"
EndProject
Project("{9A19103F-16F7-4668-BE54-9A1E7A4F7556}") = "translate_text", "Labfiles\06-translate-text\C-Sharp\text-translation\translate_text.csproj", "{7F25A436-15B5-4013-9774-F758FDDCB40F}"
EndProject
Project("{2150E333-8FDC-42A3-9474-1A3956D46DE8}") = "06b-translator-sdk", "06b-translator-sdk", "{7B1B3B3F-8541-4B3F-865C-0605EA2AAEDF}"
EndProject
Project("{2150E333-8FDC-42A3-9474-1A3956D46DE8}") = "C-Sharp", "C-Sharp", "{57C22B14-E6BC-481A-8449-DB22AC9E5F38}"
EndProject
Project("{9A19103F-16F7-4668-BE54-9A1E7A4F7556}") = "translate_text", "Labfiles\06b-translator-sdk\C-Sharp\translate-text\translate_text.csproj", "{01ACC79C-3E50-4D6F-B561-931BD5C19D82}"
EndProject
Project("{2150E333-8FDC-42A3-9474-1A3956D46DE8}") = "07-speech", "07-speech", "{6F6496C6-5591-4C8B-B3F0-BED614C0E52C}"
EndProject
Project("{2150E333-8FDC-42A3-9474-1A3956D46DE8}") = "C-Sharp", "C-Sharp", "{5273283B-C0D8-4928-A344-034C819C8E3C}"
EndProject
Project("{9A19103F-16F7-4668-BE54-9A1E7A4F7556}") = "speaking-clock", "Labfiles\07-speech\C-Sharp\speaking-clock\speaking-clock.csproj", "{CFE11B28-8416-46DE-98F7-6E1BD0C0B750}"
EndProject
Project("{2150E333-8FDC-42A3-9474-1A3956D46DE8}") = "08-speech-translation", "08-speech-translation", "{603AC21D-7C69-4786-9077-266CBC54165C}"
EndProject
Project("{2150E333-8FDC-42A3-9474-1A3956D46DE8}") = "C-Sharp", "C-Sharp", "{0125FF01-72F9-4CCE-BD07-0CE24BD07E55}"
EndProject
Project("{9A19103F-16F7-4668-BE54-9A1E7A4F7556}") = "translator", "Labfiles\08-speech-translation\C-Sharp\translator\translator.csproj", "{EB9332DA-32F5-438E-8CCD-17167CFCA9B0}"
EndProject
Global
	GlobalSection(SolutionConfigurationPlatforms) = preSolution
		Debug|Any CPU = Debug|Any CPU
		Release|Any CPU = Release|Any CPU
	EndGlobalSection
	GlobalSection(ProjectConfigurationPlatforms) = postSolution
		{A35DA537-4533-4FF4-A7C1-6C28EB36FC4C}.Debug|Any CPU.ActiveCfg = Debug|Any CPU
		{A35DA537-4533-4FF4-A7C1-6C28EB36FC4C}.Debug|Any CPU.Build.0 = Debug|Any CPU
		{A35DA537-4533-4FF4-A7C1-6C28EB36FC4C}.Release|Any CPU.ActiveCfg = Release|Any CPU
		{A35DA537-4533-4FF4-A7C1-6C28EB36FC4C}.Release|Any CPU.Build.0 = Release|Any CPU
		{74871588-5F07-4D76-ACB9-BFEA7872F78B}.Debug|Any CPU.ActiveCfg = Debug|Any CPU
		{74871588-5F07-4D76-ACB9-BFEA7872F78B}.Debug|Any CPU.Build.0 = Debug|Any CPU
		{74871588-5F07-4D76-ACB9-BFEA7872F78B}.Release|Any CPU.ActiveCfg = Release|Any CPU
		{74871588-5F07-4D76-ACB9-BFEA7872F78B}.Release|Any CPU.Build.0 = Release|Any CPU
		{E68DA213-7B61-485F-88F2-7D4CC214A7CC}.Debug|Any CPU.ActiveCfg = Debug|Any CPU
		{E68DA213-7B61-485F-88F2-7D4CC214A7CC}.Debug|Any CPU.Build.0 = Debug|Any CPU
		{E68DA213-7B61-485F-88F2-7D4CC214A7CC}.Release|Any CPU.ActiveCfg = Release|Any CPU
		{E68DA213-7B61-485F-88F2-7D4CC214A7CC}.Release|Any CPU.Build.0 = Release|Any CPU
		{23AAE562-0470-461E-BA45-6AF1A3848947}.Debug|Any CPU.ActiveCfg = Debug|Any CPU
		{23AAE562-0470-461E-BA45-6AF1A3848947}.Debug|Any CPU.Build.0 = Debug|Any CPU
		{23AAE562-0470-461E-BA45-6AF1A3848947}.Release|Any CPU.ActiveCfg = Release|Any CPU
		{23AAE562-0470-461E-BA45-6AF1A3848947}.Release|Any CPU.Build.0 = Release|Any CPU
		{6FC88D02-75DE-402D-A59D-E16A6B9C163E}.Debug|Any CPU.ActiveCfg = Debug|Any CPU
		{6FC88D02-75DE-402D-A59D-E16A6B9C163E}.Debug|Any CPU.Build.0 = Debug|Any CPU
		{6FC88D02-75DE-402D-A59D-E16A6B9C163E}.Release|Any CPU.ActiveCfg = Release|Any CPU
		{6FC88D02-75DE-402D-A59D-E16A6B9C163E}.Release|Any CPU.Build.0 = Release|Any CPU
		{C4374146-0B3D-4644-A14D-BC98E29EA218}.Debug|Any CPU.ActiveCfg = Debug|Any CPU
		{C4374146-0B3D-4644-A14D-BC98E29EA218}.Debug|Any CPU.Build.0 = Debug|Any CPU
		{C4374146-0B3D-4644-A14D-BC98E29EA218}.Release|Any CPU.ActiveCfg = Release|Any CPU
		{C4374146-0B3D-4644-A14D-BC98E29EA218}.Release|Any CPU.Build.0 = Release|Any CPU
		{7F25A436-15B5-4013-9774-F758FDDCB40F}.Debug|Any CPU.ActiveCfg = Debug|Any CPU
		{7F25A436-15B5-4013-9774-F758FDDCB40F}.Debug|Any CPU.Build.0 = Debug|Any CPU
		{7F25A436-15B5-4013-9774-F758FDDCB40F}.Release|Any CPU.ActiveCfg = Release|Any CPU
		{7F25A436-15B5-4013-9774-F758FDDCB40F}.Release|Any CPU.Build.0 = Release|Any CPU
		{01ACC79C-3E50-4D6F-B561-931BD5C19D82}.Debug|Any CPU.ActiveCfg = Debug|Any CPU
		{01ACC79C-3E50-4D6F-B561-931BD5C19D82}.Debug|Any CPU.Build.0 = Debug|Any CPU
		{01ACC79C-3E50-4D6F-B561-931BD5C19D82}.Release|Any CPU.ActiveCfg = Release|Any CPU
		{01ACC79C-3E50-4D6F-B561-931BD5C19D82}.Release|Any CPU.Build.0 = Release|Any CPU
		{CFE11B28-8416-46DE-98F7-6E1BD0C0B750}.Debug|Any CPU.ActiveCfg = Debug|Any CPU
		{CFE11B28-8416-46DE-98F7-6E1BD0C0B750}.Debug|Any CPU.Build.0 = Debug|Any CPU
		{CFE11B28-8416-46DE-98F7-6E1BD0C0B750}.Release|Any CPU.ActiveCfg = Release|Any CPU
		{CFE11B28-8416-46DE-98F7-6E1BD0C0B750}.Release|Any CPU.Build.0 = Release|Any CPU
		{EB9332DA-32F5-438E-8CCD-17167CFCA9B0}.Debug|Any CPU.ActiveCfg = Debug|Any CPU
		{EB9332DA-32F5-438E-8CCD-17167CFCA9B0}.Debug|Any CPU.Build.0 = Debug|Any CPU
		{EB9332DA-32F5-438E-8CCD-17167CFCA9B0}.Release|Any CPU.ActiveCfg = Release|Any CPU
		{EB9332DA-32F5-438E-8CCD-17167CFCA9B0}.Release|Any CPU.Build.0 = Release|Any CPU
	EndGlobalSection
	GlobalSection(SolutionProperties) = preSolution
		HideSolutionNode = FALSE
	EndGlobalSection
	GlobalSection(NestedProjects) = preSolution
		{2D1967CE-1975-4A2A-9A3F-97047F7F53DD} = {8DB4151C-D882-4770-8AD7-EC652CF15F9E}
		{C172642C-1F25-402B-87A0-951FFBB00B4F} = {2D1967CE-1975-4A2A-9A3F-97047F7F53DD}
		{A35DA537-4533-4FF4-A7C1-6C28EB36FC4C} = {C172642C-1F25-402B-87A0-951FFBB00B4F}
		{9B663BE5-6F57-43BB-99FB-1BEFAD077CC1} = {8DB4151C-D882-4770-8AD7-EC652CF15F9E}
		{CA1BB11C-17BD-4815-BA2F-CC6A57C92795} = {9B663BE5-6F57-43BB-99FB-1BEFAD077CC1}
		{74871588-5F07-4D76-ACB9-BFEA7872F78B} = {CA1BB11C-17BD-4815-BA2F-CC6A57C92795}
		{C708A414-229D-4730-A835-6128736ABF9E} = {8DB4151C-D882-4770-8AD7-EC652CF15F9E}
		{C69C3F79-F0A4-484E-9980-44A61D3673E5} = {C708A414-229D-4730-A835-6128736ABF9E}
		{E68DA213-7B61-485F-88F2-7D4CC214A7CC} = {C69C3F79-F0A4-484E-9980-44A61D3673E5}
		{EA4FE4F6-F612-46BD-B829-9341F2A3C827} = {8DB4151C-D882-4770-8AD7-EC652CF15F9E}
		{AE4F40E0-7FC3-46E3-816F-FFE970677CD4} = {EA4FE4F6-F612-46BD-B829-9341F2A3C827}
		{23AAE562-0470-461E-BA45-6AF1A3848947} = {AE4F40E0-7FC3-46E3-816F-FFE970677CD4}
		{63BAA5FA-CE78-4D72-9964-0A553B96F0DA} = {8DB4151C-D882-4770-8AD7-EC652CF15F9E}
		{F25B6AC1-762A-408A-94AF-7E3C39080781} = {63BAA5FA-CE78-4D72-9964-0A553B96F0DA}
		{6FC88D02-75DE-402D-A59D-E16A6B9C163E} = {F25B6AC1-762A-408A-94AF-7E3C39080781}
		{9BB3BB18-9EBC-4AC6-B82A-1217CE2665F5} = {8DB4151C-D882-4770-8AD7-EC652CF15F9E}
		{4F1D927D-B57C-496C-91D1-65608370AD17} = {9BB3BB18-9EBC-4AC6-B82A-1217CE2665F5}
		{C4374146-0B3D-4644-A14D-BC98E29EA218} = {4F1D927D-B57C-496C-91D1-65608370AD17}
		{B67582B8-0F7E-4D13-AC06-8EFC5E5F27BA} = {8DB4151C-D882-4770-8AD7-EC652CF15F9E}
		{5257A60A-900A-49A5-B401-E7E836CE529B} = {B67582B8-0F7E-4D13-AC06-8EFC5E5F27BA}
		{7F25A436-15B5-4013-9774-F758FDDCB40F} = {5257A60A-900A-49A5-B401-E7E836CE529B}
		{7B1B3B3F-8541-4B3F-865C-0605EA2AAEDF} = {8DB4151C-D882-4770-8AD7-EC652CF15F9E}
		{57C22B14-E6BC-481A-8449-DB22AC9E5F38} = {7B1B3B3F-8541-4B3F-865C-0605EA2AAEDF}
		{01ACC79C-3E50-4D6F-B561-931BD5C19D82} = {57C22B14-E6BC-481A-8449-DB22AC9E5F38}
		{6F6496C6-5591-4C8B-B3F0-BED614C0E52C} = {8DB4151C-D882-4770-8AD7-EC652CF15F9E}
		{5273283B-C0D8-4928-A344-034C819C8E3C} = {6F6496C6-5591-4C8B-B3F0-BED614C0E52C}
		{CFE11B28-8416-46DE-98F7-6E1BD0C0B750} = {5273283B-C0D8-4928-A344-034C819C8E3C}
		{603AC21D-7C69-4786-9077-266CBC54165C} = {8DB4151C-D882-4770-8AD7-EC652CF15F9E}
		{0125FF01-72F9-4CCE-BD07-0CE24BD07E55} = {603AC21D-7C69-4786-9077-266CBC54165C}
		{EB9332DA-32F5-438E-8CCD-17167CFCA9B0} = {0125FF01-72F9-4CCE-BD07-0CE24BD07E55}
	EndGlobalSection
	GlobalSection(ExtensibilityGlobals) = postSolution
		SolutionGuid = {5EF359B5-95AB-448A-AB1C-25AA7BEA003F}
	EndGlobalSection
EndGlobal
